
Microsoft Visual Studio Solution File, Format Version 12.00
# Visual Studio Version 17
VisualStudioVersion = 17.8.34322.80
MinimumVisualStudioVersion = 10.0.40219.1
Project("{FAE04EC0-301F-11D3-BF4B-00C04F79EFBC}") = "Lab2", "Lab2\Lab2.csproj", "{E49EB6B1-1F0C-44F9-A8F6-42F594727410}"
EndProject
Global
	GlobalSection(SolutionConfigurationPlatforms) = preSolution
		Debug|Any CPU = Debug|Any CPU
		Release|Any CPU = Release|Any CPU
	EndGlobalSection
	GlobalSection(ProjectConfigurationPlatforms) = postSolution
		{E49EB6B1-1F0C-44F9-A8F6-42F594727410}.Debug|Any CPU.ActiveCfg = Debug|Any CPU
		{E49EB6B1-1F0C-44F9-A8F6-42F594727410}.Debug|Any CPU.Build.0 = Debug|Any CPU
		{E49EB6B1-1F0C-44F9-A8F6-42F594727410}.Release|Any CPU.ActiveCfg = Release|Any CPU
		{E49EB6B1-1F0C-44F9-A8F6-42F594727410}.Release|Any CPU.Build.0 = Release|Any CPU
	EndGlobalSection
	GlobalSection(SolutionProperties) = preSolution
		HideSolutionNode = FALSE
	EndGlobalSection
	GlobalSection(ExtensibilityGlobals) = postSolution
		SolutionGuid = {9ACA70CB-D71A-4551-94A9-339B84C1D505}
	EndGlobalSection
EndGlobal
